
Microsoft Visual Studio Solution File, Format Version 12.00
# Visual Studio 15
VisualStudioVersion = 15.0.28307.1022
MinimumVisualStudioVersion = 10.0.40219.1
Project("{FAE04EC0-301F-11D3-BF4B-00C04F79EFBC}") = "SR", "SR\SR.csproj", "{D3B4B9D8-1029-4027-9EE7-5C1DFA8015CF}"
EndProject
Global
	GlobalSection(SolutionConfigurationPlatforms) = preSolution
		Debug|Any CPU = Debug|Any CPU
		Release|Any CPU = Release|Any CPU
	EndGlobalSection
	GlobalSection(ProjectConfigurationPlatforms) = postSolution
		{D3B4B9D8-1029-4027-9EE7-5C1DFA8015CF}.Debug|Any CPU.ActiveCfg = Debug|Any CPU
		{D3B4B9D8-1029-4027-9EE7-5C1DFA8015CF}.Debug|Any CPU.Build.0 = Debug|Any CPU
		{D3B4B9D8-1029-4027-9EE7-5C1DFA8015CF}.Release|Any CPU.ActiveCfg = Release|Any CPU
		{D3B4B9D8-1029-4027-9EE7-5C1DFA8015CF}.Release|Any CPU.Build.0 = Release|Any CPU
	EndGlobalSection
	GlobalSection(SolutionProperties) = preSolution
		HideSolutionNode = FALSE
	EndGlobalSection
	GlobalSection(ExtensibilityGlobals) = postSolution
		SolutionGuid = {A6EE7B47-B4E7-421D-B859-E7596A4A4B39}
	EndGlobalSection
EndGlobal
